
Microsoft Visual Studio Solution File, Format Version 12.00
# Visual Studio 2013
VisualStudioVersion = 12.0.31101.0
MinimumVisualStudioVersion = 10.0.40219.1
Project("{F2A71F9B-5D33-465A-A702-920D77279786}") = "Gopher", "Gopher\Gopher.fsproj", "{79F2AAE1-93AA-41D9-90C2-5127F85E4327}"
EndProject
Project("{F2A71F9B-5D33-465A-A702-920D77279786}") = "Gopher.Test", "Gopher.Test\Gopher.Test.fsproj", "{BFBE5EDB-73F1-4E6E-B12D-CF94289D105E}"
EndProject
Global
	GlobalSection(SolutionConfigurationPlatforms) = preSolution
		Debug|Any CPU = Debug|Any CPU
		Release|Any CPU = Release|Any CPU
	EndGlobalSection
	GlobalSection(ProjectConfigurationPlatforms) = postSolution
		{79F2AAE1-93AA-41D9-90C2-5127F85E4327}.Debug|Any CPU.ActiveCfg = Debug|Any CPU
		{79F2AAE1-93AA-41D9-90C2-5127F85E4327}.Debug|Any CPU.Build.0 = Debug|Any CPU
		{79F2AAE1-93AA-41D9-90C2-5127F85E4327}.Release|Any CPU.ActiveCfg = Release|Any CPU
		{79F2AAE1-93AA-41D9-90C2-5127F85E4327}.Release|Any CPU.Build.0 = Release|Any CPU
		{BFBE5EDB-73F1-4E6E-B12D-CF94289D105E}.Debug|Any CPU.ActiveCfg = Debug|Any CPU
		{BFBE5EDB-73F1-4E6E-B12D-CF94289D105E}.Debug|Any CPU.Build.0 = Debug|Any CPU
		{BFBE5EDB-73F1-4E6E-B12D-CF94289D105E}.Release|Any CPU.ActiveCfg = Release|Any CPU
		{BFBE5EDB-73F1-4E6E-B12D-CF94289D105E}.Release|Any CPU.Build.0 = Release|Any CPU
	EndGlobalSection
	GlobalSection(SolutionProperties) = preSolution
		HideSolutionNode = FALSE
	EndGlobalSection
EndGlobal
